// !$*UTF8*$!
{
	archiveVersion = 1;
	classes = {
	};
	objectVersion = 50;
	objects = {

/* Begin PBXBuildFile section */
		A686EA492338B8A100436541 /* AppDelegate.swift in Sources */ = {isa = PBXBuildFile; fileRef = A686EA482338B8A100436541 /* AppDelegate.swift */; };
		A686EA4B2338B8A100436541 /* ViewController.swift in Sources */ = {isa = PBXBuildFile; fileRef = A686EA4A2338B8A100436541 /* ViewController.swift */; };
		A686EA4E2338B8A100436541 /* Main.storyboard in Resources */ = {isa = PBXBuildFile; fileRef = A686EA4C2338B8A100436541 /* Main.storyboard */; };
		A686EA502338B8A200436541 /* Assets.xcassets in Resources */ = {isa = PBXBuildFile; fileRef = A686EA4F2338B8A200436541 /* Assets.xcassets */; };
		A686EA532338B8A200436541 /* LaunchScreen.storyboard in Resources */ = {isa = PBXBuildFile; fileRef = A686EA512338B8A200436541 /* LaunchScreen.storyboard */; };
		A686EA5B2338BAAF00436541 /* TestABC.swift in Sources */ = {isa = PBXBuildFile; fileRef = A686EA5A2338BAAF00436541 /* TestABC.swift */; };
/* End PBXBuildFile section */

/* Begin PBXFileReference section */
		A686EA452338B8A100436541 /* TestABC.app */ = {isa = PBXFileReference; explicitFileType = wrapper.application; includeInIndex = 0; path = TestABC.app; sourceTree = BUILT_PRODUCTS_DIR; };
		A686EA482338B8A100436541 /* AppDelegate.swift */ = {isa = PBXFileReference; lastKnownFileType = sourcecode.swift; path = AppDelegate.swift; sourceTree = "<group>"; };
		A686EA4A2338B8A100436541 /* ViewController.swift */ = {isa = PBXFileReference; lastKnownFileType = sourcecode.swift; path = ViewController.swift; sourceTree = "<group>"; };
		A686EA4D2338B8A100436541 /* Base */ = {isa = PBXFileReference; lastKnownFileType = file.storyboard; name = Base; path = Base.lproj/Main.storyboard; sourceTree = "<group>"; };
		A686EA4F2338B8A200436541 /* Assets.xcassets */ = {isa = PBXFileReference; lastKnownFileType = folder.assetcatalog; path = Assets.xcassets; sourceTree = "<group>"; };
		A686EA522338B8A200436541 /* Base */ = {isa = PBXFileReference; lastKnownFileType = file.storyboard; name = Base; path = Base.lproj/LaunchScreen.storyboard; sourceTree = "<group>"; };
		A686EA542338B8A200436541 /* Info.plist */ = {isa = PBXFileReference; lastKnownFileType = text.plist.xml; path = Info.plist; sourceTree = "<group>"; };
		A686EA5A2338BAAF00436541 /* TestABC.swift */ = {isa = PBXFileReference; lastKnownFileType = sourcecode.swift; path = TestABC.swift; sourceTree = "<group>"; };
/* End PBXFileReference section */

/* Begin PBXFrameworksBuildPhase section */
		A686EA422338B8A100436541 /* Frameworks */ = {
			isa = PBXFrameworksBuildPhase;
			buildActionMask = 2147483647;
			files = (
			);
			runOnlyForDeploymentPostprocessing = 0;
		};
/* End PBXFrameworksBuildPhase section */

/* Begin PBXGroup section */
		A686EA3C2338B8A100436541 = {
			isa = PBXGroup;
			children = (
				A686EA472338B8A100436541 /* TestABC */,
				A686EA462338B8A100436541 /* Products */,
			);
			sourceTree = "<group>";
		};
		A686EA462338B8A100436541 /* Products */ = {
			isa = PBXGroup;
			children = (
				A686EA452338B8A100436541 /* TestABC.app */,
			);
			name = Products;
			sourceTree = "<group>";
		};
		A686EA472338B8A100436541 /* TestABC */ = {
			isa = PBXGroup;
			children = (
				A686EA482338B8A100436541 /* AppDelegate.swift */,
				A686EA4A2338B8A100436541 /* ViewController.swift */,
				A686EA4C2338B8A100436541 /* Main.storyboard */,
				A686EA4F2338B8A200436541 /* Assets.xcassets */,
				A686EA512338B8A200436541 /* LaunchScreen.storyboard */,
				A686EA542338B8A200436541 /* Info.plist */,
				A686EA5A2338BAAF00436541 /* TestABC.swift */,
			);
			path = TestABC;
			sourceTree = "<group>";
		};
/* End PBXGroup section */

/* Begin PBXNativeTarget section */
		A686EA442338B8A100436541 /* TestABC */ = {
			isa = PBXNativeTarget;
			buildConfigurationList = A686EA572338B8A200436541 /* Build configuration list for PBXNativeTarget "TestABC" */;
			buildPhases = (
				A686EA412338B8A100436541 /* Sources */,
				A686EA422338B8A100436541 /* Frameworks */,
				A686EA432338B8A100436541 /* Resources */,
			);
			buildRules = (
			);
			dependencies = (
			);
			name = TestABC;
			productName = TestABC;
			productReference = A686EA452338B8A100436541 /* TestABC.app */;
			productType = "com.apple.product-type.application";
		};
/* End PBXNativeTarget section */

/* Begin PBXProject section */
		A686EA3D2338B8A100436541 /* Project object */ = {
			isa = PBXProject;
			attributes = {
				LastSwiftUpdateCheck = 1030;
				LastUpgradeCheck = 1030;
				ORGANIZATIONNAME = Test;
				TargetAttributes = {
					A686EA442338B8A100436541 = {
						CreatedOnToolsVersion = 10.3;
					};
				};
			};
			buildConfigurationList = A686EA402338B8A100436541 /* Build configuration list for PBXProject "TestABC" */;
			compatibilityVersion = "Xcode 9.3";
			developmentRegion = en;
			hasScannedForEncodings = 0;
			knownRegions = (
				en,
				Base,
			);
			mainGroup = A686EA3C2338B8A100436541;
			productRefGroup = A686EA462338B8A100436541 /* Products */;
			projectDirPath = "";
			projectRoot = "";
			targets = (
				A686EA442338B8A100436541 /* TestABC */,
			);
		};
/* End PBXProject section */

/* Begin PBXResourcesBuildPhase section */
		A686EA432338B8A100436541 /* Resources */ = {
			isa = PBXResourcesBuildPhase;
			buildActionMask = 2147483647;
			files = (
				A686EA532338B8A200436541 /* LaunchScreen.storyboard in Resources */,
				A686EA502338B8A200436541 /* Assets.xcassets in Resources */,
				A686EA4E2338B8A100436541 /* Main.storyboard in Resources */,
			);
			runOnlyForDeploymentPostprocessing = 0;
		};
/* End PBXResourcesBuildPhase section */

/* Begin PBXSourcesBuildPhase section */
		A686EA412338B8A100436541 /* Sources */ = {
			isa = PBXSourcesBuildPhase;
			buildActionMask = 2147483647;
			files = (
				A686EA4B2338B8A100436541 /* ViewController.swift in Sources */,
				A686EA5B2338BAAF00436541 /* TestABC.swift in Sources */,
				A686EA492338B8A100436541 /* AppDelegate.swift in Sources */,
			);
			runOnlyForDeploymentPostprocessing = 0;
		};
/* End PBXSourcesBuildPhase section */

/* Begin PBXVariantGroup section */
		A686EA4C2338B8A100436541 /* Main.storyboard */ = {
			isa = PBXVariantGroup;
			children = (
				A686EA4D2338B8A100436541 /* Base */,
			);
			name = Main.storyboard;
			sourceTree = "<group>";
		};
		A686EA512338B8A200436541 /* LaunchScreen.storyboard */ = {
			isa = PBXVariantGroup;
			children = (
				A686EA522338B8A200436541 /* Base */,
			);
			name = LaunchScreen.storyboard;
			sourceTree = "<group>";
		};
/* End PBXVariantGroup section */

/* Begin XCBuildConfiguration section */
		A686EA552338B8A200436541 /* Debug */ = {
			isa = XCBuildConfiguration;
			buildSettings = {
				ALWAYS_SEARCH_USER_PATHS = NO;
				CLANG_ANALYZER_NONNULL = YES;
				CLANG_ANALYZER_NUMBER_OBJECT_CONVERSION = YES_AGGRESSIVE;
				CLANG_CXX_LANGUAGE_STANDARD = "gnu++14";
				CLANG_CXX_LIBRARY = "libc++";
				CLANG_ENABLE_MODULES = YES;
				CLANG_ENABLE_OBJC_ARC = YES;
				CLANG_ENABLE_OBJC_WEAK = YES;
				CLANG_WARN_BLOCK_CAPTURE_AUTORELEASING = YES;
				CLANG_WARN_BOOL_CONVERSION = YES;
				CLANG_WARN_COMMA = YES;
				CLANG_WARN_CONSTANT_CONVERSION = YES;
				CLANG_WARN_DEPRECATED_OBJC_IMPLEMENTATIONS = YES;
				CLANG_WARN_DIRECT_OBJC_ISA_USAGE = YES_ERROR;
				CLANG_WARN_DOCUMENTATION_COMMENTS = YES;
				CLANG_WARN_EMPTY_BODY = YES;
				CLANG_WARN_ENUM_CONVERSION = YES;
				CLANG_WARN_INFINITE_RECURSION = YES;
				CLANG_WARN_INT_CONVERSION = YES;
				CLANG_WARN_NON_LITERAL_NULL_CONVERSION = YES;
				CLANG_WARN_OBJC_IMPLICIT_RETAIN_SELF = YES;
				CLANG_WARN_OBJC_LITERAL_CONVERSION = YES;
				CLANG_WARN_OBJC_ROOT_CLASS = YES_ERROR;
				CLANG_WARN_RANGE_LOOP_ANALYSIS = YES;
				CLANG_WARN_STRICT_PROTOTYPES = YES;
				CLANG_WARN_SUSPICIOUS_MOVE = YES;
				CLANG_WARN_UNGUARDED_AVAILABILITY = YES_AGGRESSIVE;
				CLANG_WARN_UNREACHABLE_CODE = YES;
				CLANG_WARN__DUPLICATE_METHOD_MATCH = YES;
				CODE_SIGN_IDENTITY = "iPhone Developer";
				COPY_PHASE_STRIP = NO;
				DEBUG_INFORMATION_FORMAT = dwarf;
				ENABLE_STRICT_OBJC_MSGSEND = YES;
				ENABLE_TESTABILITY = YES;
				GCC_C_LANGUAGE_STANDARD = gnu11;
				GCC_DYNAMIC_NO_PIC = NO;
				GCC_NO_COMMON_BLOCKS = YES;
				GCC_OPTIMIZATION_LEVEL = 0;
				GCC_PREPROCESSOR_DEFINITIONS = (
					"DEBUG=1",
					"$(inherited)",
				);
				GCC_WARN_64_TO_32_BIT_CONVERSION = YES;
				GCC_WARN_ABOUT_RETURN_TYPE = YES_ERROR;
				GCC_WARN_UNDECLARED_SELECTOR = YES;
				GCC_WARN_UNINITIALIZED_AUTOS = YES_AGGRESSIVE;
				GCC_WARN_UNUSED_FUNCTION = YES;
				GCC_WARN_UNUSED_VARIABLE = YES;
				IPHONEOS_DEPLOYMENT_TARGET = 11.0;
				MTL_ENABLE_DEBUG_INFO = INCLUDE_SOURCE;
				MTL_FAST_MATH = YES;
				ONLY_ACTIVE_ARCH = YES;
				SDKROOT = iphoneos;
				SWIFT_ACTIVE_COMPILATION_CONDITIONS = DEBUG;
				SWIFT_OPTIMIZATION_LEVEL = "-Onone";
			};
			name = Debug;
		};
		A686EA562338B8A200436541 /* Release */ = {
			isa = XCBuildConfiguration;
			buildSettings = {
				ALWAYS_SEARCH_USER_PATHS = NO;
				CLANG_ANALYZER_NONNULL = YES;
				CLANG_ANALYZER_NUMBER_OBJECT_CONVERSION = YES_AGGRESSIVE;
				CLANG_CXX_LANGUAGE_STANDARD = "gnu++14";
				CLANG_CXX_LIBRARY = "libc++";
				CLANG_ENABLE_MODULES = YES;
				CLANG_ENABLE_OBJC_ARC = YES;
				CLANG_ENABLE_OBJC_WEAK = YES;
				CLANG_WARN_BLOCK_CAPTURE_AUTORELEASING = YES;
				CLANG_WARN_BOOL_CONVERSION = YES;
				CLANG_WARN_COMMA = YES;
				CLANG_WARN_CONSTANT_CONVERSION = YES;
				CLANG_WARN_DEPRECATED_OBJC_IMPLEMENTATIONS = YES;
				CLANG_WARN_DIRECT_OBJC_ISA_USAGE = YES_ERROR;
				CLANG_WARN_DOCUMENTATION_COMMENTS = YES;
				CLANG_WARN_EMPTY_BODY = YES;
				CLANG_WARN_ENUM_CONVERSION = YES;
				CLANG_WARN_INFINITE_RECURSION = YES;
				CLANG_WARN_INT_CONVERSION = YES;
				CLANG_WARN_NON_LITERAL_NULL_CONVERSION = YES;
				CLANG_WARN_OBJC_IMPLICIT_RETAIN_SELF = YES;
				CLANG_WARN_OBJC_LITERAL_CONVERSION = YES;
				CLANG_WARN_OBJC_ROOT_CLASS = YES_ERROR;
				CLANG_WARN_RANGE_LOOP_ANALYSIS = YES;
				CLANG_WARN_STRICT_PROTOTYPES = YES;
				CLANG_WARN_SUSPICIOUS_MOVE = YES;
				CLANG_WARN_UNGUARDED_AVAILABILITY = YES_AGGRESSIVE;
				CLANG_WARN_UNREACHABLE_CODE = YES;
				CLANG_WARN__DUPLICATE_METHOD_MATCH = YES;
				CODE_SIGN_IDENTITY = "iPhone Developer";
				COPY_PHASE_STRIP = NO;
				DEBUG_INFORMATION_FORMAT = "dwarf-with-dsym";
				ENABLE_NS_ASSERTIONS = NO;
				ENABLE_STRICT_OBJC_MSGSEND = YES;
				GCC_C_LANGUAGE_STANDARD = gnu11;
				GCC_NO_COMMON_BLOCKS = YES;
				GCC_WARN_64_TO_32_BIT_CONVERSION = YES;
				GCC_WARN_ABOUT_RETURN_TYPE = YES_ERROR;
				GCC_WARN_UNDECLARED_SELECTOR = YES;
				GCC_WARN_UNINITIALIZED_AUTOS = YES_AGGRESSIVE;
				GCC_WARN_UNUSED_FUNCTION = YES;
				GCC_WARN_UNUSED_VARIABLE = YES;
				IPHONEOS_DEPLOYMENT_TARGET = 11.0;
				MTL_ENABLE_DEBUG_INFO = NO;
				MTL_FAST_MATH = YES;
				SDKROOT = iphoneos;
				SWIFT_COMPILATION_MODE = wholemodule;
				SWIFT_OPTIMIZATION_LEVEL = "-O";
				VALIDATE_PRODUCT = YES;
			};
			name = Release;
		};
		A686EA582338B8A200436541 /* Debug */ = {
			isa = XCBuildConfiguration;
			buildSettings = {
				ASSETCATALOG_COMPILER_APPICON_NAME = AppIcon;
				CODE_SIGN_STYLE = Automatic;
				DEVELOPMENT_TEAM = C9SSD89494;
				INFOPLIST_FILE = TestABC/Info.plist;
				LD_RUNPATH_SEARCH_PATHS = (
					"$(inherited)",
					"@executable_path/Frameworks",
				);
				PRODUCT_BUNDLE_IDENTIFIER = vn.test.TestABC;
				PRODUCT_NAME = "$(TARGET_NAME)";
				SWIFT_VERSION = 5.0;
				TARGETED_DEVICE_FAMILY = "1,2";
			};
			name = Debug;
		};
		A686EA592338B8A200436541 /* Release */ = {
			isa = XCBuildConfiguration;
			buildSettings = {
				ASSETCATALOG_COMPILER_APPICON_NAME = AppIcon;
				CODE_SIGN_STYLE = Automatic;
				DEVELOPMENT_TEAM = C9SSD89494;
				INFOPLIST_FILE = TestABC/Info.plist;
				LD_RUNPATH_SEARCH_PATHS = (
					"$(inherited)",
					"@executable_path/Frameworks",
				);
				PRODUCT_BUNDLE_IDENTIFIER = vn.test.TestABC;
				PRODUCT_NAME = "$(TARGET_NAME)";
				SWIFT_VERSION = 5.0;
				TARGETED_DEVICE_FAMILY = "1,2";
			};
			name = Release;
		};
/* End XCBuildConfiguration section */

/* Begin XCConfigurationList section */
		A686EA402338B8A100436541 /* Build configuration list for PBXProject "TestABC" */ = {
			isa = XCConfigurationList;
			buildConfigurations = (
				A686EA552338B8A200436541 /* Debug */,
				A686EA562338B8A200436541 /* Release */,
			);
			defaultConfigurationIsVisible = 0;
			defaultConfigurationName = Release;
		};
		A686EA572338B8A200436541 /* Build configuration list for PBXNativeTarget "TestABC" */ = {
			isa = XCConfigurationList;
			buildConfigurations = (
				A686EA582338B8A200436541 /* Debug */,
				A686EA592338B8A200436541 /* Release */,
			);
			defaultConfigurationIsVisible = 0;
			defaultConfigurationName = Release;
		};
/* End XCConfigurationList section */
	};
	rootObject = A686EA3D2338B8A100436541 /* Project object */;
}
